
Microsoft Visual Studio Solution File, Format Version 12.00
Project("{FAE04EC0-301F-11D3-BF4B-00C04F79EFBC}") = "Mvvm", "Mvvm\Mvvm.csproj", "{50E0663F-997D-4E5B-AA2E-44C2F8FA6453}"
EndProject
Global
	GlobalSection(SolutionConfigurationPlatforms) = preSolution
		Debug|Any CPU = Debug|Any CPU
		Release|Any CPU = Release|Any CPU
	EndGlobalSection
	GlobalSection(ProjectConfigurationPlatforms) = postSolution
		{50E0663F-997D-4E5B-AA2E-44C2F8FA6453}.Debug|Any CPU.ActiveCfg = Debug|Any CPU
		{50E0663F-997D-4E5B-AA2E-44C2F8FA6453}.Debug|Any CPU.Build.0 = Debug|Any CPU
		{50E0663F-997D-4E5B-AA2E-44C2F8FA6453}.Release|Any CPU.ActiveCfg = Release|Any CPU
		{50E0663F-997D-4E5B-AA2E-44C2F8FA6453}.Release|Any CPU.Build.0 = Release|Any CPU
	EndGlobalSection
EndGlobal
